
Microsoft Visual Studio Solution File, Format Version 12.00
# Visual Studio 2012
Project("{FAE04EC0-301F-11D3-BF4B-00C04F79EFBC}") = "WhaleShockBlogEngine", "WhaleShockBlogEngine\WhaleShockBlogEngine.csproj", "{0B6A6C83-CC1E-4131-AC5C-914C91443918}"
EndProject
Project("{FAE04EC0-301F-11D3-BF4B-00C04F79EFBC}") = "TestConsole", "TestConsole\TestConsole.csproj", "{CCF86F6D-BAEF-4E3F-A902-22565D93C155}"
EndProject
Global
	GlobalSection(SolutionConfigurationPlatforms) = preSolution
		Debug|Any CPU = Debug|Any CPU
		Release|Any CPU = Release|Any CPU
	EndGlobalSection
	GlobalSection(ProjectConfigurationPlatforms) = postSolution
		{0B6A6C83-CC1E-4131-AC5C-914C91443918}.Debug|Any CPU.ActiveCfg = Debug|Any CPU
		{0B6A6C83-CC1E-4131-AC5C-914C91443918}.Debug|Any CPU.Build.0 = Debug|Any CPU
		{0B6A6C83-CC1E-4131-AC5C-914C91443918}.Release|Any CPU.ActiveCfg = Release|Any CPU
		{0B6A6C83-CC1E-4131-AC5C-914C91443918}.Release|Any CPU.Build.0 = Release|Any CPU
		{CCF86F6D-BAEF-4E3F-A902-22565D93C155}.Debug|Any CPU.ActiveCfg = Debug|Any CPU
		{CCF86F6D-BAEF-4E3F-A902-22565D93C155}.Debug|Any CPU.Build.0 = Debug|Any CPU
		{CCF86F6D-BAEF-4E3F-A902-22565D93C155}.Release|Any CPU.ActiveCfg = Release|Any CPU
		{CCF86F6D-BAEF-4E3F-A902-22565D93C155}.Release|Any CPU.Build.0 = Release|Any CPU
	EndGlobalSection
	GlobalSection(SolutionProperties) = preSolution
		HideSolutionNode = FALSE
	EndGlobalSection
EndGlobal
